{
  "name": "hey-chai",
  "version": "1.0.0",
  "lockfileVersion": 3,
  "requires": true,
  "packages": {
    "": {
      "name": "hey-chai",
      "version": "1.0.0",
      "license": "MIT",
      "dependencies": {
        "react": "^18.2.0",
        "react-dom": "^18.2.0",
        "web-audio-beat-detector": "^8.1.43"
      },
      "devDependencies": {
        "typescript": "^5.0.2"
      }
    },
    "node_modules/@babel/runtime": {
      "version": "7.21.0",
      "resolved": "https://registry.npmjs.org/@babel/runtime/-/runtime-7.21.0.tgz",
      "integrity": "sha512-xwII0//EObnq89Ji5AKYQaRYiW/nZ3llSv29d49IuxPhKbtJoLP+9QUUZ4nVragQVtaVGeZrpB+ZtG/Pdy/POw==",
      "dependencies": {
        "regenerator-runtime": "^0.13.11"
      },
      "engines": {
        "node": ">=6.9.0"
      }
    },
    "node_modules/automation-events": {
      "version": "5.0.2",
      "resolved": "https://registry.npmjs.org/automation-events/-/automation-events-5.0.2.tgz",
      "integrity": "sha512-8mfgjeI22tlKeaGY8y0bDt93IIUJhQKR/ISTsnhhFkpAzCirPdQ/Rmfp3xakCTmIihLgDuIWcWygHWozYKVGyQ==",
      "dependencies": {
        "@babel/runtime": "^7.21.0",
        "tslib": "^2.5.0"
      },
      "engines": {
        "node": ">=14.15.4"
      }
    },
    "node_modules/fast-unique-numbers": {
      "version": "7.0.2",
      "resolved": "https://registry.npmjs.org/fast-unique-numbers/-/fast-unique-numbers-7.0.2.tgz",
      "integrity": "sha512-xnqpsnu889bHbq5cbDMwCJ2BPf6kjFPMu+RHfqKvisRxeEbTOVxY5aW/ZNsZ/r8OlwatxmjdFEVQog2xAhLkvg==",
      "dependencies": {
        "@babel/runtime": "^7.21.0",
        "tslib": "^2.5.0"
      },
      "engines": {
        "node": ">=14.15.4"
      }
    },
    "node_modules/js-tokens": {
      "version": "4.0.0",
      "resolved": "https://registry.npmjs.org/js-tokens/-/js-tokens-4.0.0.tgz",
      "integrity": "sha512-RdJUflcE3cUzKiMqQgsCu06FPu9UdIJO0beYbPhHN4k6apgJtifcoCtT9bcxOpYBtpD2kCM6Sbzg4CausW/PKQ=="
    },
    "node_modules/loose-envify": {
      "version": "1.4.0",
      "resolved": "https://registry.npmjs.org/loose-envify/-/loose-envify-1.4.0.tgz",
      "integrity": "sha512-lyuxPGr/Wfhrlem2CL/UcnUc1zcqKAImBDzukY7Y5F/yQiNdko6+fRLevlw1HgMySw7f611UIY408EtxRSoK3Q==",
      "dependencies": {
        "js-tokens": "^3.0.0 || ^4.0.0"
      },
      "bin": {
        "loose-envify": "cli.js"
      }
    },
    "node_modules/react": {
      "version": "18.2.0",
      "resolved": "https://registry.npmjs.org/react/-/react-18.2.0.tgz",
      "integrity": "sha512-/3IjMdb2L9QbBdWiW5e3P2/npwMBaU9mHCSCUzNln0ZCYbcfTsGbTJrU/kGemdH2IWmB2ioZ+zkxtmq6g09fGQ==",
      "dependencies": {
        "loose-envify": "^1.1.0"
      },
      "engines": {
        "node": ">=0.10.0"
      }
    },
    "node_modules/react-dom": {
      "version": "18.2.0",
      "resolved": "https://registry.npmjs.org/react-dom/-/react-dom-18.2.0.tgz",
      "integrity": "sha512-6IMTriUmvsjHUjNtEDudZfuDQUoWXVxKHhlEGSk81n4YFS+r/Kl99wXiwlVXtPBtJenozv2P+hxDsw9eA7Xo6g==",
      "dependencies": {
        "loose-envify": "^1.1.0",
        "scheduler": "^0.23.0"
      },
      "peerDependencies": {
        "react": "^18.2.0"
      }
    },
    "node_modules/regenerator-runtime": {
      "version": "0.13.11",
      "resolved": "https://registry.npmjs.org/regenerator-runtime/-/regenerator-runtime-0.13.11.tgz",
      "integrity": "sha512-kY1AZVr2Ra+t+piVaJ4gxaFaReZVH40AKNo7UCX6W+dEwBo/2oZJzqfuN1qLq1oL45o56cPaTXELwrTh8Fpggg=="
    },
    "node_modules/scheduler": {
      "version": "0.23.0",
      "resolved": "https://registry.npmjs.org/scheduler/-/scheduler-0.23.0.tgz",
      "integrity": "sha512-CtuThmgHNg7zIZWAXi3AsyIzA3n4xx7aNyjwC2VJldO2LMVDhFK+63xGqq6CsJH4rTAt6/M+N4GhZiDYPx9eUw==",
      "dependencies": {
        "loose-envify": "^1.1.0"
      }
    },
    "node_modules/standardized-audio-context": {
      "version": "25.3.41",
      "resolved": "https://registry.npmjs.org/standardized-audio-context/-/standardized-audio-context-25.3.41.tgz",
      "integrity": "sha512-NCKY1kLCGN37dnCCIG4NX1LHWRgONvIU6u6GS3nzhMM9CV/M+GR48uIeojjeJBSICfWXfQ+t2N1MTdsgJz3wlA==",
      "dependencies": {
        "@babel/runtime": "^7.21.0",
        "automation-events": "^5.0.2",
        "tslib": "^2.5.0"
      }
    },
    "node_modules/tslib": {
      "version": "2.5.0",
      "resolved": "https://registry.npmjs.org/tslib/-/tslib-2.5.0.tgz",
      "integrity": "sha512-336iVw3rtn2BUK7ORdIAHTyxHGRIHVReokCR3XjbckJMK7ms8FysBfhLR8IXnAgy7T0PTPNBWKiH514FOW/WSg=="
    },
    "node_modules/typescript": {
      "version": "5.0.2",
      "resolved": "https://registry.npmjs.org/typescript/-/typescript-5.0.2.tgz",
      "integrity": "sha512-wVORMBGO/FAs/++blGNeAVdbNKtIh1rbBL2EyQ1+J9lClJ93KiiKe8PmFIVdXhHcyv44SL9oglmfeSsndo0jRw==",
      "dev": true,
      "bin": {
        "tsc": "bin/tsc",
        "tsserver": "bin/tsserver"
      },
      "engines": {
        "node": ">=12.20"
      }
    },
    "node_modules/web-audio-beat-detector": {
      "version": "8.1.43",
      "resolved": "https://registry.npmjs.org/web-audio-beat-detector/-/web-audio-beat-detector-8.1.43.tgz",
      "integrity": "sha512-MPY1ZyxXwqBWkI3Io8ARy8s/EIMcr5e3qbpsIkhlP5YSzMl59CG+opDRTHR0fub4h3VCtCLeDDrEmfCKW/nGNA==",
      "dependencies": {
        "@babel/runtime": "^7.21.0",
        "tslib": "^2.5.0",
        "web-audio-beat-detector-broker": "^4.0.80",
        "web-audio-beat-detector-worker": "^5.2.33"
      }
    },
    "node_modules/web-audio-beat-detector-broker": {
      "version": "4.0.80",
      "resolved": "https://registry.npmjs.org/web-audio-beat-detector-broker/-/web-audio-beat-detector-broker-4.0.80.tgz",
      "integrity": "sha512-3iYF3iDpo+hqsxihfMjclKNj+huqDTeVZuox9gjVtTrfDbkINjcp/8zUqSkjx5U3hIQjvxmVOCyn8rJb1ewmBg==",
      "dependencies": {
        "@babel/runtime": "^7.21.0",
        "fast-unique-numbers": "^7.0.2",
        "standardized-audio-context": "^25.3.41",
        "tslib": "^2.5.0",
        "web-audio-beat-detector-worker": "^5.2.33"
      }
    },
    "node_modules/web-audio-beat-detector-worker": {
      "version": "5.2.33",
      "resolved": "https://registry.npmjs.org/web-audio-beat-detector-worker/-/web-audio-beat-detector-worker-5.2.33.tgz",
      "integrity": "sha512-4+Tz+j1Mu6jrusYy1lNSzKrt+BcD/M41UunpvgwDTcvjfqsZwl424cSBb27TOIM4+mPoxETE1Q63seW8Toy3Kg==",
      "dependencies": {
        "@babel/runtime": "^7.21.0",
        "tslib": "^2.5.0"
      }
    }
  }
}
